
Microsoft Visual Studio Solution File, Format Version 12.00
# Visual Studio 14
VisualStudioVersion = 14.0.25420.1
MinimumVisualStudioVersion = 10.0.40219.1
Project("{FAE04EC0-301F-11D3-BF4B-00C04F79EFBC}") = "DependencyInjection", "DependencyInjection\DependencyInjection\DependencyInjection.csproj", "{25702C2C-6275-4B97-983F-65BCE6CAE10B}"
EndProject
Project("{FAE04EC0-301F-11D3-BF4B-00C04F79EFBC}") = "DependencyInjection.Droid", "DependencyInjection\DependencyInjection.Droid\DependencyInjection.Droid.csproj", "{E261DEE6-6B22-4055-BF9F-C2D6843233DD}"
EndProject
Project("{FAE04EC0-301F-11D3-BF4B-00C04F79EFBC}") = "DependencyInjection.iOS", "DependencyInjection\DependencyInjection.iOS\DependencyInjection.iOS.csproj", "{1D048082-33ED-4FC8-BB84-25FDBF1C840F}"
EndProject
Project("{FAE04EC0-301F-11D3-BF4B-00C04F79EFBC}") = "DependencyInjection.WinPhone", "DependencyInjection\DependencyInjection.WinPhone\DependencyInjection.WinPhone.csproj", "{D58A31EA-5BAC-4866-9DE1-159DEF777645}"
EndProject
Project("{FAE04EC0-301F-11D3-BF4B-00C04F79EFBC}") = "DependencyInjection.UWP", "DependencyInjection\DependencyInjection.UWP\DependencyInjection.UWP.csproj", "{A68C04F9-79E5-4928-B325-748A03E8EA26}"
EndProject
Project("{FAE04EC0-301F-11D3-BF4B-00C04F79EFBC}") = "DependencyInjection.Windows", "DependencyInjection\DependencyInjection.Windows\DependencyInjection.Windows.csproj", "{0EDF48F4-83F5-42AB-A443-B421C1A7AD52}"
EndProject
Global
	GlobalSection(SolutionConfigurationPlatforms) = preSolution
		Ad-Hoc|Any CPU = Ad-Hoc|Any CPU
		Ad-Hoc|ARM = Ad-Hoc|ARM
		Ad-Hoc|iPhone = Ad-Hoc|iPhone
		Ad-Hoc|iPhoneSimulator = Ad-Hoc|iPhoneSimulator
		Ad-Hoc|x64 = Ad-Hoc|x64
		Ad-Hoc|x86 = Ad-Hoc|x86
		AppStore|Any CPU = AppStore|Any CPU
		AppStore|ARM = AppStore|ARM
		AppStore|iPhone = AppStore|iPhone
		AppStore|iPhoneSimulator = AppStore|iPhoneSimulator
		AppStore|x64 = AppStore|x64
		AppStore|x86 = AppStore|x86
		Debug|Any CPU = Debug|Any CPU
		Debug|ARM = Debug|ARM
		Debug|iPhone = Debug|iPhone
		Debug|iPhoneSimulator = Debug|iPhoneSimulator
		Debug|x64 = Debug|x64
		Debug|x86 = Debug|x86
		Release|Any CPU = Release|Any CPU
		Release|ARM = Release|ARM
		Release|iPhone = Release|iPhone
		Release|iPhoneSimulator = Release|iPhoneSimulator
		Release|x64 = Release|x64
		Release|x86 = Release|x86
	EndGlobalSection
	GlobalSection(ProjectConfigurationPlatforms) = postSolution
		{25702C2C-6275-4B97-983F-65BCE6CAE10B}.Ad-Hoc|Any CPU.ActiveCfg = Release|Any CPU
		{25702C2C-6275-4B97-983F-65BCE6CAE10B}.Ad-Hoc|Any CPU.Build.0 = Release|Any CPU
		{25702C2C-6275-4B97-983F-65BCE6CAE10B}.Ad-Hoc|ARM.ActiveCfg = Release|Any CPU
		{25702C2C-6275-4B97-983F-65BCE6CAE10B}.Ad-Hoc|ARM.Build.0 = Release|Any CPU
		{25702C2C-6275-4B97-983F-65BCE6CAE10B}.Ad-Hoc|iPhone.ActiveCfg = Release|Any CPU
		{25702C2C-6275-4B97-983F-65BCE6CAE10B}.Ad-Hoc|iPhone.Build.0 = Release|Any CPU
		{25702C2C-6275-4B97-983F-65BCE6CAE10B}.Ad-Hoc|iPhoneSimulator.ActiveCfg = Release|Any CPU
		{25702C2C-6275-4B97-983F-65BCE6CAE10B}.Ad-Hoc|iPhoneSimulator.Build.0 = Release|Any CPU
		{25702C2C-6275-4B97-983F-65BCE6CAE10B}.Ad-Hoc|x64.ActiveCfg = Release|Any CPU
		{25702C2C-6275-4B97-983F-65BCE6CAE10B}.Ad-Hoc|x64.Build.0 = Release|Any CPU
		{25702C2C-6275-4B97-983F-65BCE6CAE10B}.Ad-Hoc|x86.ActiveCfg = Release|Any CPU
		{25702C2C-6275-4B97-983F-65BCE6CAE10B}.Ad-Hoc|x86.Build.0 = Release|Any CPU
		{25702C2C-6275-4B97-983F-65BCE6CAE10B}.AppStore|Any CPU.ActiveCfg = Release|Any CPU
		{25702C2C-6275-4B97-983F-65BCE6CAE10B}.AppStore|Any CPU.Build.0 = Release|Any CPU
		{25702C2C-6275-4B97-983F-65BCE6CAE10B}.AppStore|ARM.ActiveCfg = Release|Any CPU
		{25702C2C-6275-4B97-983F-65BCE6CAE10B}.AppStore|ARM.Build.0 = Release|Any CPU
		{25702C2C-6275-4B97-983F-65BCE6CAE10B}.AppStore|iPhone.ActiveCfg = Release|Any CPU
		{25702C2C-6275-4B97-983F-65BCE6CAE10B}.AppStore|iPhone.Build.0 = Release|Any CPU
		{25702C2C-6275-4B97-983F-65BCE6CAE10B}.AppStore|iPhoneSimulator.ActiveCfg = Release|Any CPU
		{25702C2C-6275-4B97-983F-65BCE6CAE10B}.AppStore|iPhoneSimulator.Build.0 = Release|Any CPU
		{25702C2C-6275-4B97-983F-65BCE6CAE10B}.AppStore|x64.ActiveCfg = Release|Any CPU
		{25702C2C-6275-4B97-983F-65BCE6CAE10B}.AppStore|x64.Build.0 = Release|Any CPU
		{25702C2C-6275-4B97-983F-65BCE6CAE10B}.AppStore|x86.ActiveCfg = Release|Any CPU
		{25702C2C-6275-4B97-983F-65BCE6CAE10B}.AppStore|x86.Build.0 = Release|Any CPU
		{25702C2C-6275-4B97-983F-65BCE6CAE10B}.Debug|Any CPU.ActiveCfg = Debug|Any CPU
		{25702C2C-6275-4B97-983F-65BCE6CAE10B}.Debug|Any CPU.Build.0 = Debug|Any CPU
		{25702C2C-6275-4B97-983F-65BCE6CAE10B}.Debug|ARM.ActiveCfg = Debug|Any CPU
		{25702C2C-6275-4B97-983F-65BCE6CAE10B}.Debug|ARM.Build.0 = Debug|Any CPU
		{25702C2C-6275-4B97-983F-65BCE6CAE10B}.Debug|iPhone.ActiveCfg = Debug|Any CPU
		{25702C2C-6275-4B97-983F-65BCE6CAE10B}.Debug|iPhone.Build.0 = Debug|Any CPU
		{25702C2C-6275-4B97-983F-65BCE6CAE10B}.Debug|iPhoneSimulator.ActiveCfg = Debug|Any CPU
		{25702C2C-6275-4B97-983F-65BCE6CAE10B}.Debug|iPhoneSimulator.Build.0 = Debug|Any CPU
		{25702C2C-6275-4B97-983F-65BCE6CAE10B}.Debug|x64.ActiveCfg = Debug|Any CPU
		{25702C2C-6275-4B97-983F-65BCE6CAE10B}.Debug|x64.Build.0 = Debug|Any CPU
		{25702C2C-6275-4B97-983F-65BCE6CAE10B}.Debug|x86.ActiveCfg = Debug|Any CPU
		{25702C2C-6275-4B97-983F-65BCE6CAE10B}.Debug|x86.Build.0 = Debug|Any CPU
		{25702C2C-6275-4B97-983F-65BCE6CAE10B}.Release|Any CPU.ActiveCfg = Release|Any CPU
		{25702C2C-6275-4B97-983F-65BCE6CAE10B}.Release|Any CPU.Build.0 = Release|Any CPU
		{25702C2C-6275-4B97-983F-65BCE6CAE10B}.Release|ARM.ActiveCfg = Release|Any CPU
		{25702C2C-6275-4B97-983F-65BCE6CAE10B}.Release|ARM.Build.0 = Release|Any CPU
		{25702C2C-6275-4B97-983F-65BCE6CAE10B}.Release|iPhone.ActiveCfg = Release|Any CPU
		{25702C2C-6275-4B97-983F-65BCE6CAE10B}.Release|iPhone.Build.0 = Release|Any CPU
		{25702C2C-6275-4B97-983F-65BCE6CAE10B}.Release|iPhoneSimulator.ActiveCfg = Release|Any CPU
		{25702C2C-6275-4B97-983F-65BCE6CAE10B}.Release|iPhoneSimulator.Build.0 = Release|Any CPU
		{25702C2C-6275-4B97-983F-65BCE6CAE10B}.Release|x64.ActiveCfg = Release|Any CPU
		{25702C2C-6275-4B97-983F-65BCE6CAE10B}.Release|x64.Build.0 = Release|Any CPU
		{25702C2C-6275-4B97-983F-65BCE6CAE10B}.Release|x86.ActiveCfg = Release|Any CPU
		{25702C2C-6275-4B97-983F-65BCE6CAE10B}.Release|x86.Build.0 = Release|Any CPU
		{E261DEE6-6B22-4055-BF9F-C2D6843233DD}.Ad-Hoc|Any CPU.ActiveCfg = Release|Any CPU
		{E261DEE6-6B22-4055-BF9F-C2D6843233DD}.Ad-Hoc|Any CPU.Build.0 = Release|Any CPU
		{E261DEE6-6B22-4055-BF9F-C2D6843233DD}.Ad-Hoc|Any CPU.Deploy.0 = Release|Any CPU
		{E261DEE6-6B22-4055-BF9F-C2D6843233DD}.Ad-Hoc|ARM.ActiveCfg = Release|Any CPU
		{E261DEE6-6B22-4055-BF9F-C2D6843233DD}.Ad-Hoc|ARM.Build.0 = Release|Any CPU
		{E261DEE6-6B22-4055-BF9F-C2D6843233DD}.Ad-Hoc|ARM.Deploy.0 = Release|Any CPU
		{E261DEE6-6B22-4055-BF9F-C2D6843233DD}.Ad-Hoc|iPhone.ActiveCfg = Release|Any CPU
		{E261DEE6-6B22-4055-BF9F-C2D6843233DD}.Ad-Hoc|iPhone.Build.0 = Release|Any CPU
		{E261DEE6-6B22-4055-BF9F-C2D6843233DD}.Ad-Hoc|iPhone.Deploy.0 = Release|Any CPU
		{E261DEE6-6B22-4055-BF9F-C2D6843233DD}.Ad-Hoc|iPhoneSimulator.ActiveCfg = Release|Any CPU
		{E261DEE6-6B22-4055-BF9F-C2D6843233DD}.Ad-Hoc|iPhoneSimulator.Build.0 = Release|Any CPU
		{E261DEE6-6B22-4055-BF9F-C2D6843233DD}.Ad-Hoc|iPhoneSimulator.Deploy.0 = Release|Any CPU
		{E261DEE6-6B22-4055-BF9F-C2D6843233DD}.Ad-Hoc|x64.ActiveCfg = Release|Any CPU
		{E261DEE6-6B22-4055-BF9F-C2D6843233DD}.Ad-Hoc|x64.Build.0 = Release|Any CPU
		{E261DEE6-6B22-4055-BF9F-C2D6843233DD}.Ad-Hoc|x64.Deploy.0 = Release|Any CPU
		{E261DEE6-6B22-4055-BF9F-C2D6843233DD}.Ad-Hoc|x86.ActiveCfg = Release|Any CPU
		{E261DEE6-6B22-4055-BF9F-C2D6843233DD}.Ad-Hoc|x86.Build.0 = Release|Any CPU
		{E261DEE6-6B22-4055-BF9F-C2D6843233DD}.Ad-Hoc|x86.Deploy.0 = Release|Any CPU
		{E261DEE6-6B22-4055-BF9F-C2D6843233DD}.AppStore|Any CPU.ActiveCfg = Release|Any CPU
		{E261DEE6-6B22-4055-BF9F-C2D6843233DD}.AppStore|Any CPU.Build.0 = Release|Any CPU
		{E261DEE6-6B22-4055-BF9F-C2D6843233DD}.AppStore|Any CPU.Deploy.0 = Release|Any CPU
		{E261DEE6-6B22-4055-BF9F-C2D6843233DD}.AppStore|ARM.ActiveCfg = Release|Any CPU
		{E261DEE6-6B22-4055-BF9F-C2D6843233DD}.AppStore|ARM.Build.0 = Release|Any CPU
		{E261DEE6-6B22-4055-BF9F-C2D6843233DD}.AppStore|ARM.Deploy.0 = Release|Any CPU
		{E261DEE6-6B22-4055-BF9F-C2D6843233DD}.AppStore|iPhone.ActiveCfg = Release|Any CPU
		{E261DEE6-6B22-4055-BF9F-C2D6843233DD}.AppStore|iPhone.Build.0 = Release|Any CPU
		{E261DEE6-6B22-4055-BF9F-C2D6843233DD}.AppStore|iPhone.Deploy.0 = Release|Any CPU
		{E261DEE6-6B22-4055-BF9F-C2D6843233DD}.AppStore|iPhoneSimulator.ActiveCfg = Release|Any CPU
		{E261DEE6-6B22-4055-BF9F-C2D6843233DD}.AppStore|iPhoneSimulator.Build.0 = Release|Any CPU
		{E261DEE6-6B22-4055-BF9F-C2D6843233DD}.AppStore|iPhoneSimulator.Deploy.0 = Release|Any CPU
		{E261DEE6-6B22-4055-BF9F-C2D6843233DD}.AppStore|x64.ActiveCfg = Release|Any CPU
		{E261DEE6-6B22-4055-BF9F-C2D6843233DD}.AppStore|x64.Build.0 = Release|Any CPU
		{E261DEE6-6B22-4055-BF9F-C2D6843233DD}.AppStore|x64.Deploy.0 = Release|Any CPU
		{E261DEE6-6B22-4055-BF9F-C2D6843233DD}.AppStore|x86.ActiveCfg = Release|Any CPU
		{E261DEE6-6B22-4055-BF9F-C2D6843233DD}.AppStore|x86.Build.0 = Release|Any CPU
		{E261DEE6-6B22-4055-BF9F-C2D6843233DD}.AppStore|x86.Deploy.0 = Release|Any CPU
		{E261DEE6-6B22-4055-BF9F-C2D6843233DD}.Debug|Any CPU.ActiveCfg = Debug|Any CPU
		{E261DEE6-6B22-4055-BF9F-C2D6843233DD}.Debug|Any CPU.Build.0 = Debug|Any CPU
		{E261DEE6-6B22-4055-BF9F-C2D6843233DD}.Debug|Any CPU.Deploy.0 = Debug|Any CPU
		{E261DEE6-6B22-4055-BF9F-C2D6843233DD}.Debug|ARM.ActiveCfg = Debug|Any CPU
		{E261DEE6-6B22-4055-BF9F-C2D6843233DD}.Debug|ARM.Build.0 = Debug|Any CPU
		{E261DEE6-6B22-4055-BF9F-C2D6843233DD}.Debug|ARM.Deploy.0 = Debug|Any CPU
		{E261DEE6-6B22-4055-BF9F-C2D6843233DD}.Debug|iPhone.ActiveCfg = Debug|Any CPU
		{E261DEE6-6B22-4055-BF9F-C2D6843233DD}.Debug|iPhone.Build.0 = Debug|Any CPU
		{E261DEE6-6B22-4055-BF9F-C2D6843233DD}.Debug|iPhone.Deploy.0 = Debug|Any CPU
		{E261DEE6-6B22-4055-BF9F-C2D6843233DD}.Debug|iPhoneSimulator.ActiveCfg = Debug|Any CPU
		{E261DEE6-6B22-4055-BF9F-C2D6843233DD}.Debug|iPhoneSimulator.Build.0 = Debug|Any CPU
		{E261DEE6-6B22-4055-BF9F-C2D6843233DD}.Debug|iPhoneSimulator.Deploy.0 = Debug|Any CPU
		{E261DEE6-6B22-4055-BF9F-C2D6843233DD}.Debug|x64.ActiveCfg = Debug|Any CPU
		{E261DEE6-6B22-4055-BF9F-C2D6843233DD}.Debug|x64.Build.0 = Debug|Any CPU
		{E261DEE6-6B22-4055-BF9F-C2D6843233DD}.Debug|x64.Deploy.0 = Debug|Any CPU
		{E261DEE6-6B22-4055-BF9F-C2D6843233DD}.Debug|x86.ActiveCfg = Debug|Any CPU
		{E261DEE6-6B22-4055-BF9F-C2D6843233DD}.Debug|x86.Build.0 = Debug|Any CPU
		{E261DEE6-6B22-4055-BF9F-C2D6843233DD}.Debug|x86.Deploy.0 = Debug|Any CPU
		{E261DEE6-6B22-4055-BF9F-C2D6843233DD}.Release|Any CPU.ActiveCfg = Release|Any CPU
		{E261DEE6-6B22-4055-BF9F-C2D6843233DD}.Release|Any CPU.Build.0 = Release|Any CPU
		{E261DEE6-6B22-4055-BF9F-C2D6843233DD}.Release|Any CPU.Deploy.0 = Release|Any CPU
		{E261DEE6-6B22-4055-BF9F-C2D6843233DD}.Release|ARM.ActiveCfg = Release|Any CPU
		{E261DEE6-6B22-4055-BF9F-C2D6843233DD}.Release|ARM.Build.0 = Release|Any CPU
		{E261DEE6-6B22-4055-BF9F-C2D6843233DD}.Release|ARM.Deploy.0 = Release|Any CPU
		{E261DEE6-6B22-4055-BF9F-C2D6843233DD}.Release|iPhone.ActiveCfg = Release|Any CPU
		{E261DEE6-6B22-4055-BF9F-C2D6843233DD}.Release|iPhone.Build.0 = Release|Any CPU
		{E261DEE6-6B22-4055-BF9F-C2D6843233DD}.Release|iPhone.Deploy.0 = Release|Any CPU
		{E261DEE6-6B22-4055-BF9F-C2D6843233DD}.Release|iPhoneSimulator.ActiveCfg = Release|Any CPU
		{E261DEE6-6B22-4055-BF9F-C2D6843233DD}.Release|iPhoneSimulator.Build.0 = Release|Any CPU
		{E261DEE6-6B22-4055-BF9F-C2D6843233DD}.Release|iPhoneSimulator.Deploy.0 = Release|Any CPU
		{E261DEE6-6B22-4055-BF9F-C2D6843233DD}.Release|x64.ActiveCfg = Release|Any CPU
		{E261DEE6-6B22-4055-BF9F-C2D6843233DD}.Release|x64.Build.0 = Release|Any CPU
		{E261DEE6-6B22-4055-BF9F-C2D6843233DD}.Release|x64.Deploy.0 = Release|Any CPU
		{E261DEE6-6B22-4055-BF9F-C2D6843233DD}.Release|x86.ActiveCfg = Release|Any CPU
		{E261DEE6-6B22-4055-BF9F-C2D6843233DD}.Release|x86.Build.0 = Release|Any CPU
		{E261DEE6-6B22-4055-BF9F-C2D6843233DD}.Release|x86.Deploy.0 = Release|Any CPU
		{1D048082-33ED-4FC8-BB84-25FDBF1C840F}.Ad-Hoc|Any CPU.ActiveCfg = Ad-Hoc|iPhone
		{1D048082-33ED-4FC8-BB84-25FDBF1C840F}.Ad-Hoc|ARM.ActiveCfg = Ad-Hoc|iPhone
		{1D048082-33ED-4FC8-BB84-25FDBF1C840F}.Ad-Hoc|iPhone.ActiveCfg = Ad-Hoc|iPhone
		{1D048082-33ED-4FC8-BB84-25FDBF1C840F}.Ad-Hoc|iPhone.Build.0 = Ad-Hoc|iPhone
		{1D048082-33ED-4FC8-BB84-25FDBF1C840F}.Ad-Hoc|iPhoneSimulator.ActiveCfg = Ad-Hoc|iPhoneSimulator
		{1D048082-33ED-4FC8-BB84-25FDBF1C840F}.Ad-Hoc|iPhoneSimulator.Build.0 = Ad-Hoc|iPhoneSimulator
		{1D048082-33ED-4FC8-BB84-25FDBF1C840F}.Ad-Hoc|x64.ActiveCfg = Ad-Hoc|iPhone
		{1D048082-33ED-4FC8-BB84-25FDBF1C840F}.Ad-Hoc|x86.ActiveCfg = Ad-Hoc|iPhone
		{1D048082-33ED-4FC8-BB84-25FDBF1C840F}.AppStore|Any CPU.ActiveCfg = AppStore|iPhone
		{1D048082-33ED-4FC8-BB84-25FDBF1C840F}.AppStore|ARM.ActiveCfg = AppStore|iPhone
		{1D048082-33ED-4FC8-BB84-25FDBF1C840F}.AppStore|iPhone.ActiveCfg = AppStore|iPhone
		{1D048082-33ED-4FC8-BB84-25FDBF1C840F}.AppStore|iPhone.Build.0 = AppStore|iPhone
		{1D048082-33ED-4FC8-BB84-25FDBF1C840F}.AppStore|iPhoneSimulator.ActiveCfg = AppStore|iPhoneSimulator
		{1D048082-33ED-4FC8-BB84-25FDBF1C840F}.AppStore|iPhoneSimulator.Build.0 = AppStore|iPhoneSimulator
		{1D048082-33ED-4FC8-BB84-25FDBF1C840F}.AppStore|x64.ActiveCfg = AppStore|iPhone
		{1D048082-33ED-4FC8-BB84-25FDBF1C840F}.AppStore|x86.ActiveCfg = AppStore|iPhone
		{1D048082-33ED-4FC8-BB84-25FDBF1C840F}.Debug|Any CPU.ActiveCfg = Debug|iPhone
		{1D048082-33ED-4FC8-BB84-25FDBF1C840F}.Debug|ARM.ActiveCfg = Debug|iPhone
		{1D048082-33ED-4FC8-BB84-25FDBF1C840F}.Debug|iPhone.ActiveCfg = Debug|iPhone
		{1D048082-33ED-4FC8-BB84-25FDBF1C840F}.Debug|iPhone.Build.0 = Debug|iPhone
		{1D048082-33ED-4FC8-BB84-25FDBF1C840F}.Debug|iPhoneSimulator.ActiveCfg = Debug|iPhoneSimulator
		{1D048082-33ED-4FC8-BB84-25FDBF1C840F}.Debug|iPhoneSimulator.Build.0 = Debug|iPhoneSimulator
		{1D048082-33ED-4FC8-BB84-25FDBF1C840F}.Debug|x64.ActiveCfg = Debug|iPhone
		{1D048082-33ED-4FC8-BB84-25FDBF1C840F}.Debug|x86.ActiveCfg = Debug|iPhone
		{1D048082-33ED-4FC8-BB84-25FDBF1C840F}.Release|Any CPU.ActiveCfg = Release|iPhone
		{1D048082-33ED-4FC8-BB84-25FDBF1C840F}.Release|ARM.ActiveCfg = Release|iPhone
		{1D048082-33ED-4FC8-BB84-25FDBF1C840F}.Release|iPhone.ActiveCfg = Release|iPhone
		{1D048082-33ED-4FC8-BB84-25FDBF1C840F}.Release|iPhone.Build.0 = Release|iPhone
		{1D048082-33ED-4FC8-BB84-25FDBF1C840F}.Release|iPhoneSimulator.ActiveCfg = Release|iPhoneSimulator
		{1D048082-33ED-4FC8-BB84-25FDBF1C840F}.Release|iPhoneSimulator.Build.0 = Release|iPhoneSimulator
		{1D048082-33ED-4FC8-BB84-25FDBF1C840F}.Release|x64.ActiveCfg = Release|iPhone
		{1D048082-33ED-4FC8-BB84-25FDBF1C840F}.Release|x86.ActiveCfg = Release|iPhone
		{D58A31EA-5BAC-4866-9DE1-159DEF777645}.Ad-Hoc|Any CPU.ActiveCfg = Release|Any CPU
		{D58A31EA-5BAC-4866-9DE1-159DEF777645}.Ad-Hoc|Any CPU.Build.0 = Release|Any CPU
		{D58A31EA-5BAC-4866-9DE1-159DEF777645}.Ad-Hoc|Any CPU.Deploy.0 = Release|Any CPU
		{D58A31EA-5BAC-4866-9DE1-159DEF777645}.Ad-Hoc|ARM.ActiveCfg = Release|ARM
		{D58A31EA-5BAC-4866-9DE1-159DEF777645}.Ad-Hoc|ARM.Build.0 = Release|ARM
		{D58A31EA-5BAC-4866-9DE1-159DEF777645}.Ad-Hoc|ARM.Deploy.0 = Release|ARM
		{D58A31EA-5BAC-4866-9DE1-159DEF777645}.Ad-Hoc|iPhone.ActiveCfg = Release|Any CPU
		{D58A31EA-5BAC-4866-9DE1-159DEF777645}.Ad-Hoc|iPhone.Build.0 = Release|Any CPU
		{D58A31EA-5BAC-4866-9DE1-159DEF777645}.Ad-Hoc|iPhone.Deploy.0 = Release|Any CPU
		{D58A31EA-5BAC-4866-9DE1-159DEF777645}.Ad-Hoc|iPhoneSimulator.ActiveCfg = Release|Any CPU
		{D58A31EA-5BAC-4866-9DE1-159DEF777645}.Ad-Hoc|iPhoneSimulator.Build.0 = Release|Any CPU
		{D58A31EA-5BAC-4866-9DE1-159DEF777645}.Ad-Hoc|iPhoneSimulator.Deploy.0 = Release|Any CPU
		{D58A31EA-5BAC-4866-9DE1-159DEF777645}.Ad-Hoc|x64.ActiveCfg = Release|Any CPU
		{D58A31EA-5BAC-4866-9DE1-159DEF777645}.Ad-Hoc|x64.Build.0 = Release|Any CPU
		{D58A31EA-5BAC-4866-9DE1-159DEF777645}.Ad-Hoc|x64.Deploy.0 = Release|Any CPU
		{D58A31EA-5BAC-4866-9DE1-159DEF777645}.Ad-Hoc|x86.ActiveCfg = Release|x86
		{D58A31EA-5BAC-4866-9DE1-159DEF777645}.Ad-Hoc|x86.Build.0 = Release|x86
		{D58A31EA-5BAC-4866-9DE1-159DEF777645}.Ad-Hoc|x86.Deploy.0 = Release|x86
		{D58A31EA-5BAC-4866-9DE1-159DEF777645}.AppStore|Any CPU.ActiveCfg = Release|Any CPU
		{D58A31EA-5BAC-4866-9DE1-159DEF777645}.AppStore|Any CPU.Build.0 = Release|Any CPU
		{D58A31EA-5BAC-4866-9DE1-159DEF777645}.AppStore|Any CPU.Deploy.0 = Release|Any CPU
		{D58A31EA-5BAC-4866-9DE1-159DEF777645}.AppStore|ARM.ActiveCfg = Release|ARM
		{D58A31EA-5BAC-4866-9DE1-159DEF777645}.AppStore|ARM.Build.0 = Release|ARM
		{D58A31EA-5BAC-4866-9DE1-159DEF777645}.AppStore|ARM.Deploy.0 = Release|ARM
		{D58A31EA-5BAC-4866-9DE1-159DEF777645}.AppStore|iPhone.ActiveCfg = Release|Any CPU
		{D58A31EA-5BAC-4866-9DE1-159DEF777645}.AppStore|iPhone.Build.0 = Release|Any CPU
		{D58A31EA-5BAC-4866-9DE1-159DEF777645}.AppStore|iPhone.Deploy.0 = Release|Any CPU
		{D58A31EA-5BAC-4866-9DE1-159DEF777645}.AppStore|iPhoneSimulator.ActiveCfg = Release|Any CPU
		{D58A31EA-5BAC-4866-9DE1-159DEF777645}.AppStore|iPhoneSimulator.Build.0 = Release|Any CPU
		{D58A31EA-5BAC-4866-9DE1-159DEF777645}.AppStore|iPhoneSimulator.Deploy.0 = Release|Any CPU
		{D58A31EA-5BAC-4866-9DE1-159DEF777645}.AppStore|x64.ActiveCfg = Release|Any CPU
		{D58A31EA-5BAC-4866-9DE1-159DEF777645}.AppStore|x64.Build.0 = Release|Any CPU
		{D58A31EA-5BAC-4866-9DE1-159DEF777645}.AppStore|x64.Deploy.0 = Release|Any CPU
		{D58A31EA-5BAC-4866-9DE1-159DEF777645}.AppStore|x86.ActiveCfg = Release|x86
		{D58A31EA-5BAC-4866-9DE1-159DEF777645}.AppStore|x86.Build.0 = Release|x86
		{D58A31EA-5BAC-4866-9DE1-159DEF777645}.AppStore|x86.Deploy.0 = Release|x86
		{D58A31EA-5BAC-4866-9DE1-159DEF777645}.Debug|Any CPU.ActiveCfg = Debug|Any CPU
		{D58A31EA-5BAC-4866-9DE1-159DEF777645}.Debug|Any CPU.Build.0 = Debug|Any CPU
		{D58A31EA-5BAC-4866-9DE1-159DEF777645}.Debug|Any CPU.Deploy.0 = Debug|Any CPU
		{D58A31EA-5BAC-4866-9DE1-159DEF777645}.Debug|ARM.ActiveCfg = Debug|ARM
		{D58A31EA-5BAC-4866-9DE1-159DEF777645}.Debug|ARM.Build.0 = Debug|ARM
		{D58A31EA-5BAC-4866-9DE1-159DEF777645}.Debug|ARM.Deploy.0 = Debug|ARM
		{D58A31EA-5BAC-4866-9DE1-159DEF777645}.Debug|iPhone.ActiveCfg = Debug|Any CPU
		{D58A31EA-5BAC-4866-9DE1-159DEF777645}.Debug|iPhone.Build.0 = Debug|Any CPU
		{D58A31EA-5BAC-4866-9DE1-159DEF777645}.Debug|iPhone.Deploy.0 = Debug|Any CPU
		{D58A31EA-5BAC-4866-9DE1-159DEF777645}.Debug|iPhoneSimulator.ActiveCfg = Debug|Any CPU
		{D58A31EA-5BAC-4866-9DE1-159DEF777645}.Debug|iPhoneSimulator.Build.0 = Debug|Any CPU
		{D58A31EA-5BAC-4866-9DE1-159DEF777645}.Debug|iPhoneSimulator.Deploy.0 = Debug|Any CPU
		{D58A31EA-5BAC-4866-9DE1-159DEF777645}.Debug|x64.ActiveCfg = Debug|Any CPU
		{D58A31EA-5BAC-4866-9DE1-159DEF777645}.Debug|x64.Build.0 = Debug|Any CPU
		{D58A31EA-5BAC-4866-9DE1-159DEF777645}.Debug|x64.Deploy.0 = Debug|Any CPU
		{D58A31EA-5BAC-4866-9DE1-159DEF777645}.Debug|x86.ActiveCfg = Debug|x86
		{D58A31EA-5BAC-4866-9DE1-159DEF777645}.Debug|x86.Build.0 = Debug|x86
		{D58A31EA-5BAC-4866-9DE1-159DEF777645}.Debug|x86.Deploy.0 = Debug|x86
		{D58A31EA-5BAC-4866-9DE1-159DEF777645}.Release|Any CPU.ActiveCfg = Release|Any CPU
		{D58A31EA-5BAC-4866-9DE1-159DEF777645}.Release|Any CPU.Build.0 = Release|Any CPU
		{D58A31EA-5BAC-4866-9DE1-159DEF777645}.Release|Any CPU.Deploy.0 = Release|Any CPU
		{D58A31EA-5BAC-4866-9DE1-159DEF777645}.Release|ARM.ActiveCfg = Release|ARM
		{D58A31EA-5BAC-4866-9DE1-159DEF777645}.Release|ARM.Build.0 = Release|ARM
		{D58A31EA-5BAC-4866-9DE1-159DEF777645}.Release|ARM.Deploy.0 = Release|ARM
		{D58A31EA-5BAC-4866-9DE1-159DEF777645}.Release|iPhone.ActiveCfg = Release|Any CPU
		{D58A31EA-5BAC-4866-9DE1-159DEF777645}.Release|iPhone.Build.0 = Release|Any CPU
		{D58A31EA-5BAC-4866-9DE1-159DEF777645}.Release|iPhone.Deploy.0 = Release|Any CPU
		{D58A31EA-5BAC-4866-9DE1-159DEF777645}.Release|iPhoneSimulator.ActiveCfg = Release|Any CPU
		{D58A31EA-5BAC-4866-9DE1-159DEF777645}.Release|iPhoneSimulator.Build.0 = Release|Any CPU
		{D58A31EA-5BAC-4866-9DE1-159DEF777645}.Release|iPhoneSimulator.Deploy.0 = Release|Any CPU
		{D58A31EA-5BAC-4866-9DE1-159DEF777645}.Release|x64.ActiveCfg = Release|Any CPU
		{D58A31EA-5BAC-4866-9DE1-159DEF777645}.Release|x64.Build.0 = Release|Any CPU
		{D58A31EA-5BAC-4866-9DE1-159DEF777645}.Release|x64.Deploy.0 = Release|Any CPU
		{D58A31EA-5BAC-4866-9DE1-159DEF777645}.Release|x86.ActiveCfg = Release|x86
		{D58A31EA-5BAC-4866-9DE1-159DEF777645}.Release|x86.Build.0 = Release|x86
		{D58A31EA-5BAC-4866-9DE1-159DEF777645}.Release|x86.Deploy.0 = Release|x86
		{A68C04F9-79E5-4928-B325-748A03E8EA26}.Ad-Hoc|Any CPU.ActiveCfg = Release|x86
		{A68C04F9-79E5-4928-B325-748A03E8EA26}.Ad-Hoc|Any CPU.Build.0 = Release|x86
		{A68C04F9-79E5-4928-B325-748A03E8EA26}.Ad-Hoc|Any CPU.Deploy.0 = Release|x86
		{A68C04F9-79E5-4928-B325-748A03E8EA26}.Ad-Hoc|ARM.ActiveCfg = Release|ARM
		{A68C04F9-79E5-4928-B325-748A03E8EA26}.Ad-Hoc|ARM.Build.0 = Release|ARM
		{A68C04F9-79E5-4928-B325-748A03E8EA26}.Ad-Hoc|ARM.Deploy.0 = Release|ARM
		{A68C04F9-79E5-4928-B325-748A03E8EA26}.Ad-Hoc|iPhone.ActiveCfg = Release|x86
		{A68C04F9-79E5-4928-B325-748A03E8EA26}.Ad-Hoc|iPhone.Build.0 = Release|x86
		{A68C04F9-79E5-4928-B325-748A03E8EA26}.Ad-Hoc|iPhone.Deploy.0 = Release|x86
		{A68C04F9-79E5-4928-B325-748A03E8EA26}.Ad-Hoc|iPhoneSimulator.ActiveCfg = Release|x86
		{A68C04F9-79E5-4928-B325-748A03E8EA26}.Ad-Hoc|iPhoneSimulator.Build.0 = Release|x86
		{A68C04F9-79E5-4928-B325-748A03E8EA26}.Ad-Hoc|iPhoneSimulator.Deploy.0 = Release|x86
		{A68C04F9-79E5-4928-B325-748A03E8EA26}.Ad-Hoc|x64.ActiveCfg = Release|x64
		{A68C04F9-79E5-4928-B325-748A03E8EA26}.Ad-Hoc|x64.Build.0 = Release|x64
		{A68C04F9-79E5-4928-B325-748A03E8EA26}.Ad-Hoc|x64.Deploy.0 = Release|x64
		{A68C04F9-79E5-4928-B325-748A03E8EA26}.Ad-Hoc|x86.ActiveCfg = Release|x86
		{A68C04F9-79E5-4928-B325-748A03E8EA26}.Ad-Hoc|x86.Build.0 = Release|x86
		{A68C04F9-79E5-4928-B325-748A03E8EA26}.Ad-Hoc|x86.Deploy.0 = Release|x86
		{A68C04F9-79E5-4928-B325-748A03E8EA26}.AppStore|Any CPU.ActiveCfg = Release|x86
		{A68C04F9-79E5-4928-B325-748A03E8EA26}.AppStore|Any CPU.Build.0 = Release|x86
		{A68C04F9-79E5-4928-B325-748A03E8EA26}.AppStore|Any CPU.Deploy.0 = Release|x86
		{A68C04F9-79E5-4928-B325-748A03E8EA26}.AppStore|ARM.ActiveCfg = Release|ARM
		{A68C04F9-79E5-4928-B325-748A03E8EA26}.AppStore|ARM.Build.0 = Release|ARM
		{A68C04F9-79E5-4928-B325-748A03E8EA26}.AppStore|ARM.Deploy.0 = Release|ARM
		{A68C04F9-79E5-4928-B325-748A03E8EA26}.AppStore|iPhone.ActiveCfg = Release|x86
		{A68C04F9-79E5-4928-B325-748A03E8EA26}.AppStore|iPhone.Build.0 = Release|x86
		{A68C04F9-79E5-4928-B325-748A03E8EA26}.AppStore|iPhone.Deploy.0 = Release|x86
		{A68C04F9-79E5-4928-B325-748A03E8EA26}.AppStore|iPhoneSimulator.ActiveCfg = Release|x86
		{A68C04F9-79E5-4928-B325-748A03E8EA26}.AppStore|iPhoneSimulator.Build.0 = Release|x86
		{A68C04F9-79E5-4928-B325-748A03E8EA26}.AppStore|iPhoneSimulator.Deploy.0 = Release|x86
		{A68C04F9-79E5-4928-B325-748A03E8EA26}.AppStore|x64.ActiveCfg = Release|x64
		{A68C04F9-79E5-4928-B325-748A03E8EA26}.AppStore|x64.Build.0 = Release|x64
		{A68C04F9-79E5-4928-B325-748A03E8EA26}.AppStore|x64.Deploy.0 = Release|x64
		{A68C04F9-79E5-4928-B325-748A03E8EA26}.AppStore|x86.ActiveCfg = Release|x86
		{A68C04F9-79E5-4928-B325-748A03E8EA26}.AppStore|x86.Build.0 = Release|x86
		{A68C04F9-79E5-4928-B325-748A03E8EA26}.AppStore|x86.Deploy.0 = Release|x86
		{A68C04F9-79E5-4928-B325-748A03E8EA26}.Debug|Any CPU.ActiveCfg = Debug|x86
		{A68C04F9-79E5-4928-B325-748A03E8EA26}.Debug|ARM.ActiveCfg = Debug|ARM
		{A68C04F9-79E5-4928-B325-748A03E8EA26}.Debug|ARM.Build.0 = Debug|ARM
		{A68C04F9-79E5-4928-B325-748A03E8EA26}.Debug|ARM.Deploy.0 = Debug|ARM
		{A68C04F9-79E5-4928-B325-748A03E8EA26}.Debug|iPhone.ActiveCfg = Debug|x86
		{A68C04F9-79E5-4928-B325-748A03E8EA26}.Debug|iPhoneSimulator.ActiveCfg = Debug|x86
		{A68C04F9-79E5-4928-B325-748A03E8EA26}.Debug|x64.ActiveCfg = Debug|x64
		{A68C04F9-79E5-4928-B325-748A03E8EA26}.Debug|x64.Build.0 = Debug|x64
		{A68C04F9-79E5-4928-B325-748A03E8EA26}.Debug|x64.Deploy.0 = Debug|x64
		{A68C04F9-79E5-4928-B325-748A03E8EA26}.Debug|x86.ActiveCfg = Debug|x86
		{A68C04F9-79E5-4928-B325-748A03E8EA26}.Debug|x86.Build.0 = Debug|x86
		{A68C04F9-79E5-4928-B325-748A03E8EA26}.Debug|x86.Deploy.0 = Debug|x86
		{A68C04F9-79E5-4928-B325-748A03E8EA26}.Release|Any CPU.ActiveCfg = Release|x86
		{A68C04F9-79E5-4928-B325-748A03E8EA26}.Release|ARM.ActiveCfg = Release|ARM
		{A68C04F9-79E5-4928-B325-748A03E8EA26}.Release|ARM.Build.0 = Release|ARM
		{A68C04F9-79E5-4928-B325-748A03E8EA26}.Release|ARM.Deploy.0 = Release|ARM
		{A68C04F9-79E5-4928-B325-748A03E8EA26}.Release|iPhone.ActiveCfg = Release|x86
		{A68C04F9-79E5-4928-B325-748A03E8EA26}.Release|iPhoneSimulator.ActiveCfg = Release|x86
		{A68C04F9-79E5-4928-B325-748A03E8EA26}.Release|x64.ActiveCfg = Release|x64
		{A68C04F9-79E5-4928-B325-748A03E8EA26}.Release|x64.Build.0 = Release|x64
		{A68C04F9-79E5-4928-B325-748A03E8EA26}.Release|x64.Deploy.0 = Release|x64
		{A68C04F9-79E5-4928-B325-748A03E8EA26}.Release|x86.ActiveCfg = Release|x86
		{A68C04F9-79E5-4928-B325-748A03E8EA26}.Release|x86.Build.0 = Release|x86
		{A68C04F9-79E5-4928-B325-748A03E8EA26}.Release|x86.Deploy.0 = Release|x86
		{0EDF48F4-83F5-42AB-A443-B421C1A7AD52}.Ad-Hoc|Any CPU.ActiveCfg = Release|Any CPU
		{0EDF48F4-83F5-42AB-A443-B421C1A7AD52}.Ad-Hoc|Any CPU.Build.0 = Release|Any CPU
		{0EDF48F4-83F5-42AB-A443-B421C1A7AD52}.Ad-Hoc|Any CPU.Deploy.0 = Release|Any CPU
		{0EDF48F4-83F5-42AB-A443-B421C1A7AD52}.Ad-Hoc|ARM.ActiveCfg = Release|ARM
		{0EDF48F4-83F5-42AB-A443-B421C1A7AD52}.Ad-Hoc|ARM.Build.0 = Release|ARM
		{0EDF48F4-83F5-42AB-A443-B421C1A7AD52}.Ad-Hoc|ARM.Deploy.0 = Release|ARM
		{0EDF48F4-83F5-42AB-A443-B421C1A7AD52}.Ad-Hoc|iPhone.ActiveCfg = Release|Any CPU
		{0EDF48F4-83F5-42AB-A443-B421C1A7AD52}.Ad-Hoc|iPhone.Build.0 = Release|Any CPU
		{0EDF48F4-83F5-42AB-A443-B421C1A7AD52}.Ad-Hoc|iPhone.Deploy.0 = Release|Any CPU
		{0EDF48F4-83F5-42AB-A443-B421C1A7AD52}.Ad-Hoc|iPhoneSimulator.ActiveCfg = Release|Any CPU
		{0EDF48F4-83F5-42AB-A443-B421C1A7AD52}.Ad-Hoc|iPhoneSimulator.Build.0 = Release|Any CPU
		{0EDF48F4-83F5-42AB-A443-B421C1A7AD52}.Ad-Hoc|iPhoneSimulator.Deploy.0 = Release|Any CPU
		{0EDF48F4-83F5-42AB-A443-B421C1A7AD52}.Ad-Hoc|x64.ActiveCfg = Release|x64
		{0EDF48F4-83F5-42AB-A443-B421C1A7AD52}.Ad-Hoc|x64.Build.0 = Release|x64
		{0EDF48F4-83F5-42AB-A443-B421C1A7AD52}.Ad-Hoc|x64.Deploy.0 = Release|x64
		{0EDF48F4-83F5-42AB-A443-B421C1A7AD52}.Ad-Hoc|x86.ActiveCfg = Release|x86
		{0EDF48F4-83F5-42AB-A443-B421C1A7AD52}.Ad-Hoc|x86.Build.0 = Release|x86
		{0EDF48F4-83F5-42AB-A443-B421C1A7AD52}.Ad-Hoc|x86.Deploy.0 = Release|x86
		{0EDF48F4-83F5-42AB-A443-B421C1A7AD52}.AppStore|Any CPU.ActiveCfg = Release|Any CPU
		{0EDF48F4-83F5-42AB-A443-B421C1A7AD52}.AppStore|Any CPU.Build.0 = Release|Any CPU
		{0EDF48F4-83F5-42AB-A443-B421C1A7AD52}.AppStore|Any CPU.Deploy.0 = Release|Any CPU
		{0EDF48F4-83F5-42AB-A443-B421C1A7AD52}.AppStore|ARM.ActiveCfg = Release|ARM
		{0EDF48F4-83F5-42AB-A443-B421C1A7AD52}.AppStore|ARM.Build.0 = Release|ARM
		{0EDF48F4-83F5-42AB-A443-B421C1A7AD52}.AppStore|ARM.Deploy.0 = Release|ARM
		{0EDF48F4-83F5-42AB-A443-B421C1A7AD52}.AppStore|iPhone.ActiveCfg = Release|Any CPU
		{0EDF48F4-83F5-42AB-A443-B421C1A7AD52}.AppStore|iPhone.Build.0 = Release|Any CPU
		{0EDF48F4-83F5-42AB-A443-B421C1A7AD52}.AppStore|iPhone.Deploy.0 = Release|Any CPU
		{0EDF48F4-83F5-42AB-A443-B421C1A7AD52}.AppStore|iPhoneSimulator.ActiveCfg = Release|Any CPU
		{0EDF48F4-83F5-42AB-A443-B421C1A7AD52}.AppStore|iPhoneSimulator.Build.0 = Release|Any CPU
		{0EDF48F4-83F5-42AB-A443-B421C1A7AD52}.AppStore|iPhoneSimulator.Deploy.0 = Release|Any CPU
		{0EDF48F4-83F5-42AB-A443-B421C1A7AD52}.AppStore|x64.ActiveCfg = Release|x64
		{0EDF48F4-83F5-42AB-A443-B421C1A7AD52}.AppStore|x64.Build.0 = Release|x64
		{0EDF48F4-83F5-42AB-A443-B421C1A7AD52}.AppStore|x64.Deploy.0 = Release|x64
		{0EDF48F4-83F5-42AB-A443-B421C1A7AD52}.AppStore|x86.ActiveCfg = Release|x86
		{0EDF48F4-83F5-42AB-A443-B421C1A7AD52}.AppStore|x86.Build.0 = Release|x86
		{0EDF48F4-83F5-42AB-A443-B421C1A7AD52}.AppStore|x86.Deploy.0 = Release|x86
		{0EDF48F4-83F5-42AB-A443-B421C1A7AD52}.Debug|Any CPU.ActiveCfg = Debug|Any CPU
		{0EDF48F4-83F5-42AB-A443-B421C1A7AD52}.Debug|Any CPU.Build.0 = Debug|Any CPU
		{0EDF48F4-83F5-42AB-A443-B421C1A7AD52}.Debug|Any CPU.Deploy.0 = Debug|Any CPU
		{0EDF48F4-83F5-42AB-A443-B421C1A7AD52}.Debug|ARM.ActiveCfg = Debug|ARM
		{0EDF48F4-83F5-42AB-A443-B421C1A7AD52}.Debug|ARM.Build.0 = Debug|ARM
		{0EDF48F4-83F5-42AB-A443-B421C1A7AD52}.Debug|ARM.Deploy.0 = Debug|ARM
		{0EDF48F4-83F5-42AB-A443-B421C1A7AD52}.Debug|iPhone.ActiveCfg = Debug|Any CPU
		{0EDF48F4-83F5-42AB-A443-B421C1A7AD52}.Debug|iPhone.Build.0 = Debug|Any CPU
		{0EDF48F4-83F5-42AB-A443-B421C1A7AD52}.Debug|iPhone.Deploy.0 = Debug|Any CPU
		{0EDF48F4-83F5-42AB-A443-B421C1A7AD52}.Debug|iPhoneSimulator.ActiveCfg = Debug|Any CPU
		{0EDF48F4-83F5-42AB-A443-B421C1A7AD52}.Debug|iPhoneSimulator.Build.0 = Debug|Any CPU
		{0EDF48F4-83F5-42AB-A443-B421C1A7AD52}.Debug|iPhoneSimulator.Deploy.0 = Debug|Any CPU
		{0EDF48F4-83F5-42AB-A443-B421C1A7AD52}.Debug|x64.ActiveCfg = Debug|x64
		{0EDF48F4-83F5-42AB-A443-B421C1A7AD52}.Debug|x64.Build.0 = Debug|x64
		{0EDF48F4-83F5-42AB-A443-B421C1A7AD52}.Debug|x64.Deploy.0 = Debug|x64
		{0EDF48F4-83F5-42AB-A443-B421C1A7AD52}.Debug|x86.ActiveCfg = Debug|x86
		{0EDF48F4-83F5-42AB-A443-B421C1A7AD52}.Debug|x86.Build.0 = Debug|x86
		{0EDF48F4-83F5-42AB-A443-B421C1A7AD52}.Debug|x86.Deploy.0 = Debug|x86
		{0EDF48F4-83F5-42AB-A443-B421C1A7AD52}.Release|Any CPU.ActiveCfg = Release|Any CPU
		{0EDF48F4-83F5-42AB-A443-B421C1A7AD52}.Release|Any CPU.Build.0 = Release|Any CPU
		{0EDF48F4-83F5-42AB-A443-B421C1A7AD52}.Release|Any CPU.Deploy.0 = Release|Any CPU
		{0EDF48F4-83F5-42AB-A443-B421C1A7AD52}.Release|ARM.ActiveCfg = Release|ARM
		{0EDF48F4-83F5-42AB-A443-B421C1A7AD52}.Release|ARM.Build.0 = Release|ARM
		{0EDF48F4-83F5-42AB-A443-B421C1A7AD52}.Release|ARM.Deploy.0 = Release|ARM
		{0EDF48F4-83F5-42AB-A443-B421C1A7AD52}.Release|iPhone.ActiveCfg = Release|Any CPU
		{0EDF48F4-83F5-42AB-A443-B421C1A7AD52}.Release|iPhone.Build.0 = Release|Any CPU
		{0EDF48F4-83F5-42AB-A443-B421C1A7AD52}.Release|iPhone.Deploy.0 = Release|Any CPU
		{0EDF48F4-83F5-42AB-A443-B421C1A7AD52}.Release|iPhoneSimulator.ActiveCfg = Release|Any CPU
		{0EDF48F4-83F5-42AB-A443-B421C1A7AD52}.Release|iPhoneSimulator.Build.0 = Release|Any CPU
		{0EDF48F4-83F5-42AB-A443-B421C1A7AD52}.Release|iPhoneSimulator.Deploy.0 = Release|Any CPU
		{0EDF48F4-83F5-42AB-A443-B421C1A7AD52}.Release|x64.ActiveCfg = Release|x64
		{0EDF48F4-83F5-42AB-A443-B421C1A7AD52}.Release|x64.Build.0 = Release|x64
		{0EDF48F4-83F5-42AB-A443-B421C1A7AD52}.Release|x64.Deploy.0 = Release|x64
		{0EDF48F4-83F5-42AB-A443-B421C1A7AD52}.Release|x86.ActiveCfg = Release|x86
		{0EDF48F4-83F5-42AB-A443-B421C1A7AD52}.Release|x86.Build.0 = Release|x86
		{0EDF48F4-83F5-42AB-A443-B421C1A7AD52}.Release|x86.Deploy.0 = Release|x86
	EndGlobalSection
	GlobalSection(SolutionProperties) = preSolution
		HideSolutionNode = FALSE
	EndGlobalSection
EndGlobal
